
Microsoft Visual Studio Solution File, Format Version 12.00
# Visual Studio Version 17
VisualStudioVersion = 17.0.31903.59
MinimumVisualStudioVersion = 10.0.40219.1
Project("{FAE04EC0-301F-11D3-BF4B-00C04F79EFBC}") = "API", "API\API.csproj", "{CA608A3C-ED4F-4048-9006-DB4D4D6A0459}"
EndProject
Project("{FAE04EC0-301F-11D3-BF4B-00C04F79EFBC}") = "Core", "Core\Core.csproj", "{8D81C38E-211D-48CD-B202-AC186F216B03}"
EndProject
Project("{FAE04EC0-301F-11D3-BF4B-00C04F79EFBC}") = "Infrastructure", "Infrastructure\Infrastructure.csproj", "{8C14022E-E61B-44E5-8FC4-0EA05AABFD98}"
EndProject
Global
	GlobalSection(SolutionConfigurationPlatforms) = preSolution
		Debug|Any CPU = Debug|Any CPU
		Release|Any CPU = Release|Any CPU
	EndGlobalSection
	GlobalSection(SolutionProperties) = preSolution
		HideSolutionNode = FALSE
	EndGlobalSection
	GlobalSection(ProjectConfigurationPlatforms) = postSolution
		{CA608A3C-ED4F-4048-9006-DB4D4D6A0459}.Debug|Any CPU.ActiveCfg = Debug|Any CPU
		{CA608A3C-ED4F-4048-9006-DB4D4D6A0459}.Debug|Any CPU.Build.0 = Debug|Any CPU
		{CA608A3C-ED4F-4048-9006-DB4D4D6A0459}.Release|Any CPU.ActiveCfg = Release|Any CPU
		{CA608A3C-ED4F-4048-9006-DB4D4D6A0459}.Release|Any CPU.Build.0 = Release|Any CPU
		{8D81C38E-211D-48CD-B202-AC186F216B03}.Debug|Any CPU.ActiveCfg = Debug|Any CPU
		{8D81C38E-211D-48CD-B202-AC186F216B03}.Debug|Any CPU.Build.0 = Debug|Any CPU
		{8D81C38E-211D-48CD-B202-AC186F216B03}.Release|Any CPU.ActiveCfg = Release|Any CPU
		{8D81C38E-211D-48CD-B202-AC186F216B03}.Release|Any CPU.Build.0 = Release|Any CPU
		{8C14022E-E61B-44E5-8FC4-0EA05AABFD98}.Debug|Any CPU.ActiveCfg = Debug|Any CPU
		{8C14022E-E61B-44E5-8FC4-0EA05AABFD98}.Debug|Any CPU.Build.0 = Debug|Any CPU
		{8C14022E-E61B-44E5-8FC4-0EA05AABFD98}.Release|Any CPU.ActiveCfg = Release|Any CPU
		{8C14022E-E61B-44E5-8FC4-0EA05AABFD98}.Release|Any CPU.Build.0 = Release|Any CPU
	EndGlobalSection
EndGlobal
